
Microsoft Visual Studio Solution File, Format Version 12.00
# Visual Studio 2013
VisualStudioVersion = 12.0.21005.1
MinimumVisualStudioVersion = 10.0.40219.1
Project("{FAE04EC0-301F-11D3-BF4B-00C04F79EFBC}") = "TT_Market.Web", "TT_Market.Web\TT_Market.Web.csproj", "{E45E9F9E-CFE4-4C5B-8077-7012D010FD75}"
EndProject
Project("{FAE04EC0-301F-11D3-BF4B-00C04F79EFBC}") = "TT_Market.Web.Tests", "TT_Market.Web.Tests\TT_Market.Web.Tests.csproj", "{F6320EBC-8A6D-4E63-9814-0E7344A2D556}"
EndProject
Project("{FAE04EC0-301F-11D3-BF4B-00C04F79EFBC}") = "TT_Market.Core", "TT_Market.Core\TT_Market.Core.csproj", "{EA8B190C-C3BB-414B-83E6-73A3F79ADF19}"
EndProject
Global
	GlobalSection(SolutionConfigurationPlatforms) = preSolution
		Debug|Any CPU = Debug|Any CPU
		Release|Any CPU = Release|Any CPU
	EndGlobalSection
	GlobalSection(ProjectConfigurationPlatforms) = postSolution
		{E45E9F9E-CFE4-4C5B-8077-7012D010FD75}.Debug|Any CPU.ActiveCfg = Debug|Any CPU
		{E45E9F9E-CFE4-4C5B-8077-7012D010FD75}.Debug|Any CPU.Build.0 = Debug|Any CPU
		{E45E9F9E-CFE4-4C5B-8077-7012D010FD75}.Release|Any CPU.ActiveCfg = Release|Any CPU
		{E45E9F9E-CFE4-4C5B-8077-7012D010FD75}.Release|Any CPU.Build.0 = Release|Any CPU
		{F6320EBC-8A6D-4E63-9814-0E7344A2D556}.Debug|Any CPU.ActiveCfg = Debug|Any CPU
		{F6320EBC-8A6D-4E63-9814-0E7344A2D556}.Debug|Any CPU.Build.0 = Debug|Any CPU
		{F6320EBC-8A6D-4E63-9814-0E7344A2D556}.Release|Any CPU.ActiveCfg = Release|Any CPU
		{F6320EBC-8A6D-4E63-9814-0E7344A2D556}.Release|Any CPU.Build.0 = Release|Any CPU
		{EA8B190C-C3BB-414B-83E6-73A3F79ADF19}.Debug|Any CPU.ActiveCfg = Debug|Any CPU
		{EA8B190C-C3BB-414B-83E6-73A3F79ADF19}.Debug|Any CPU.Build.0 = Debug|Any CPU
		{EA8B190C-C3BB-414B-83E6-73A3F79ADF19}.Release|Any CPU.ActiveCfg = Release|Any CPU
		{EA8B190C-C3BB-414B-83E6-73A3F79ADF19}.Release|Any CPU.Build.0 = Release|Any CPU
	EndGlobalSection
	GlobalSection(SolutionProperties) = preSolution
		HideSolutionNode = FALSE
	EndGlobalSection
EndGlobal
